
Microsoft Visual Studio Solution File, Format Version 12.00
# Visual Studio 14
VisualStudioVersion = 14.0.23107.0
MinimumVisualStudioVersion = 10.0.40219.1
Project("{151D2E53-A2C4-4D7D-83FE-D05416EBD58E}") = "KaitDeployment", "KaitDeployment\KaitDeployment.deployproj", "{FD98787D-98BD-45BD-9781-70202A3A8934}"
EndProject
Global
	GlobalSection(SolutionConfigurationPlatforms) = preSolution
		Debug|Any CPU = Debug|Any CPU
		Release|Any CPU = Release|Any CPU
	EndGlobalSection
	GlobalSection(ProjectConfigurationPlatforms) = postSolution
		{FD98787D-98BD-45BD-9781-70202A3A8934}.Debug|Any CPU.ActiveCfg = Debug|Any CPU
		{FD98787D-98BD-45BD-9781-70202A3A8934}.Debug|Any CPU.Build.0 = Debug|Any CPU
		{FD98787D-98BD-45BD-9781-70202A3A8934}.Release|Any CPU.ActiveCfg = Release|Any CPU
		{FD98787D-98BD-45BD-9781-70202A3A8934}.Release|Any CPU.Build.0 = Release|Any CPU
	EndGlobalSection
	GlobalSection(SolutionProperties) = preSolution
		HideSolutionNode = FALSE
	EndGlobalSection
EndGlobal
